
Microsoft Visual Studio Solution File, Format Version 12.00
# Visual Studio Version 16
VisualStudioVersion = 16.0.30002.166
MinimumVisualStudioVersion = 10.0.40219.1
Project("{9A19103F-16F7-4668-BE54-9A1E7A4F7556}") = "PlayLingua.WebApi", "PlayLingua.WebApi\PlayLingua.WebApi.csproj", "{564FADEC-A9BA-413B-BF76-CCE396E7934C}"
EndProject
Project("{9A19103F-16F7-4668-BE54-9A1E7A4F7556}") = "PlayLingua.Domain", "PlayLingua.Domain\PlayLingua.Domain.csproj", "{AF448E26-2E64-492A-9E78-EB469E573515}"
EndProject
Project("{FAE04EC0-301F-11D3-BF4B-00C04F79EFBC}") = "PlayLingua.Adapter.InMemoryDb", "PlayLingua.Adapter.InMemoryDb\PlayLingua.Adapter.InMemoryDb.csproj", "{1E188F40-6BDF-4EDF-BA10-4CEE6C086DD6}"
EndProject
Global
	GlobalSection(SolutionConfigurationPlatforms) = preSolution
		Debug|Any CPU = Debug|Any CPU
		Release|Any CPU = Release|Any CPU
	EndGlobalSection
	GlobalSection(ProjectConfigurationPlatforms) = postSolution
		{564FADEC-A9BA-413B-BF76-CCE396E7934C}.Debug|Any CPU.ActiveCfg = Debug|Any CPU
		{564FADEC-A9BA-413B-BF76-CCE396E7934C}.Debug|Any CPU.Build.0 = Debug|Any CPU
		{564FADEC-A9BA-413B-BF76-CCE396E7934C}.Release|Any CPU.ActiveCfg = Release|Any CPU
		{564FADEC-A9BA-413B-BF76-CCE396E7934C}.Release|Any CPU.Build.0 = Release|Any CPU
		{AF448E26-2E64-492A-9E78-EB469E573515}.Debug|Any CPU.ActiveCfg = Debug|Any CPU
		{AF448E26-2E64-492A-9E78-EB469E573515}.Debug|Any CPU.Build.0 = Debug|Any CPU
		{AF448E26-2E64-492A-9E78-EB469E573515}.Release|Any CPU.ActiveCfg = Release|Any CPU
		{AF448E26-2E64-492A-9E78-EB469E573515}.Release|Any CPU.Build.0 = Release|Any CPU
		{1E188F40-6BDF-4EDF-BA10-4CEE6C086DD6}.Debug|Any CPU.ActiveCfg = Debug|Any CPU
		{1E188F40-6BDF-4EDF-BA10-4CEE6C086DD6}.Debug|Any CPU.Build.0 = Debug|Any CPU
		{1E188F40-6BDF-4EDF-BA10-4CEE6C086DD6}.Release|Any CPU.ActiveCfg = Release|Any CPU
		{1E188F40-6BDF-4EDF-BA10-4CEE6C086DD6}.Release|Any CPU.Build.0 = Release|Any CPU
	EndGlobalSection
	GlobalSection(SolutionProperties) = preSolution
		HideSolutionNode = FALSE
	EndGlobalSection
	GlobalSection(ExtensibilityGlobals) = postSolution
		SolutionGuid = {F486C2B0-1121-4F0A-BB42-F554F81589F7}
	EndGlobalSection
EndGlobal
